dependencies:
- name: loki
  repository: https://grafana.github.io/helm-charts
  version: 6.31.0
- name: grafana
  repository: https://grafana.github.io/helm-charts
  version: 9.2.10
digest: sha256:3d6a24df3bc9c302a6a1afb16d02938d6be9b5b854abdfc8b7da1eebb8441ed3
generated: "2025-07-11T08:50:05.108476-05:00"
